// !$*UTF8*$!
{
	archiveVersion = 1;
	classes = {
	};
	objectVersion = 46;
	objects = {

/* Begin PBXBuildFile section */
		0C0A94421D65519600E00B3E /* LevelDB.m in Sources */ = {isa = PBXBuildFile; fileRef = 0CCFB2F31D650A5B0079BD61 /* LevelDB.m */; };
/* End PBXBuildFile section */

/* Begin PBXCopyFilesBuildPhase section */
		0CFE5A641D6506B0005756D9 /* CopyFiles */ = {
			isa = PBXCopyFilesBuildPhase;
			buildActionMask = 2147483647;
			dstPath = "include/$(PRODUCT_NAME)";
			dstSubfolderSpec = 16;
			files = (
			);
			runOnlyForDeploymentPostprocessing = 0;
		};
/* End PBXCopyFilesBuildPhase section */

/* Begin PBXFileReference section */
		0C0A942A1D65372E00E00B3E /* LDBSnapshot.h */ = {isa = PBXFileReference; fileEncoding = 4; lastKnownFileType = sourcecode.c.h; name = LDBSnapshot.h; path = Classes/LDBSnapshot.h; sourceTree = "<group>"; };
		0C0A942B1D65372E00E00B3E /* LDBSnapshot.mm */ = {isa = PBXFileReference; fileEncoding = 4; lastKnownFileType = sourcecode.cpp.objcpp; name = LDBSnapshot.mm; path = Classes/LDBSnapshot.mm; sourceTree = "<group>"; };
		0C0A942C1D65372E00E00B3E /* LDBWriteBatch.h */ = {isa = PBXFileReference; fileEncoding = 4; lastKnownFileType = sourcecode.c.h; name = LDBWriteBatch.h; path = Classes/LDBWriteBatch.h; sourceTree = "<group>"; };
		0C0A942D1D65372E00E00B3E /* LDBWriteBatch.mm */ = {isa = PBXFileReference; fileEncoding = 4; lastKnownFileType = sourcecode.cpp.objcpp; name = LDBWriteBatch.mm; path = Classes/LDBWriteBatch.mm; sourceTree = "<group>"; };
		0C0A94431D65537000E00B3E /* LevelDB_mm.h */ = {isa = PBXFileReference; fileEncoding = 4; lastKnownFileType = sourcecode.c.h; name = LevelDB_mm.h; path = Classes/LevelDB_mm.h; sourceTree = "<group>"; };
		0CCFB2F31D650A5B0079BD61 /* LevelDB.m */ = {isa = PBXFileReference; fileEncoding = 4; lastKnownFileType = sourcecode.c.objc; name = LevelDB.m; path = Classes/LevelDB.m; sourceTree = "<group>"; };
		0CCFB2F51D650B190079BD61 /* LevelDB.mm */ = {isa = PBXFileReference; fileEncoding = 4; lastKnownFileType = sourcecode.cpp.objcpp; name = LevelDB.mm; path = Classes/LevelDB.mm; sourceTree = "<group>"; };
		0CFE5A661D6506B0005756D9 /* libObjectiveCLevelDB.a */ = {isa = PBXFileReference; explicitFileType = archive.ar; includeInIndex = 0; path = libObjectiveCLevelDB.a; sourceTree = BUILT_PRODUCTS_DIR; };
		0CFE5A731D650743005756D9 /* Common.h */ = {isa = PBXFileReference; fileEncoding = 4; lastKnownFileType = sourcecode.c.h; name = Common.h; path = Classes/Common.h; sourceTree = "<group>"; };
		0CFE5A781D650743005756D9 /* LevelDB.h */ = {isa = PBXFileReference; fileEncoding = 4; lastKnownFileType = sourcecode.c.h; name = LevelDB.h; path = Classes/LevelDB.h; sourceTree = "<group>"; };
/* End PBXFileReference section */

/* Begin PBXFrameworksBuildPhase section */
		0CFE5A631D6506B0005756D9 /* Frameworks */ = {
			isa = PBXFrameworksBuildPhase;
			buildActionMask = 2147483647;
			files = (
			);
			runOnlyForDeploymentPostprocessing = 0;
		};
/* End PBXFrameworksBuildPhase section */

/* Begin PBXGroup section */
		0CFE5A5D1D6506B0005756D9 = {
			isa = PBXGroup;
			children = (
				0CFE5A721D650738005756D9 /* Classes */,
				0CFE5A671D6506B0005756D9 /* Products */,
			);
			sourceTree = "<group>";
		};
		0CFE5A671D6506B0005756D9 /* Products */ = {
			isa = PBXGroup;
			children = (
				0CFE5A661D6506B0005756D9 /* libObjectiveCLevelDB.a */,
			);
			name = Products;
			sourceTree = "<group>";
		};
		0CFE5A721D650738005756D9 /* Classes */ = {
			isa = PBXGroup;
			children = (
				0CFE5A731D650743005756D9 /* Common.h */,
				0C0A942A1D65372E00E00B3E /* LDBSnapshot.h */,
				0C0A942B1D65372E00E00B3E /* LDBSnapshot.mm */,
				0C0A942C1D65372E00E00B3E /* LDBWriteBatch.h */,
				0C0A942D1D65372E00E00B3E /* LDBWriteBatch.mm */,
				0CFE5A781D650743005756D9 /* LevelDB.h */,
				0CCFB2F31D650A5B0079BD61 /* LevelDB.m */,
				0C0A94431D65537000E00B3E /* LevelDB_mm.h */,
				0CCFB2F51D650B190079BD61 /* LevelDB.mm */,
			);
			name = Classes;
			sourceTree = "<group>";
		};
/* End PBXGroup section */

/* Begin PBXNativeTarget section */
		0CFE5A651D6506B0005756D9 /* ObjectiveCLevelDB */ = {
			isa = PBXNativeTarget;
			buildConfigurationList = 0CFE5A6F1D6506B0005756D9 /* Build configuration list for PBXNativeTarget "ObjectiveCLevelDB" */;
			buildPhases = (
				0CFE5A621D6506B0005756D9 /* Sources */,
				0CFE5A631D6506B0005756D9 /* Frameworks */,
				0CFE5A641D6506B0005756D9 /* CopyFiles */,
			);
			buildRules = (
			);
			dependencies = (
			);
			name = ObjectiveCLevelDB;
			productName = ObjectiveCLevelDB;
			productReference = 0CFE5A661D6506B0005756D9 /* libObjectiveCLevelDB.a */;
			productType = "com.apple.product-type.library.static";
		};
/* End PBXNativeTarget section */

/* Begin PBXProject section */
		0CFE5A5E1D6506B0005756D9 /* Project object */ = {
			isa = PBXProject;
			attributes = {
				LastUpgradeCheck = 0730;
				ORGANIZATIONNAME = "Amr Aboelela";
				TargetAttributes = {
					0CFE5A651D6506B0005756D9 = {
						CreatedOnToolsVersion = 7.3.1;
					};
				};
			};
			buildConfigurationList = 0CFE5A611D6506B0005756D9 /* Build configuration list for PBXProject "ObjectiveCLevelDB" */;
			compatibilityVersion = "Xcode 3.2";
			developmentRegion = English;
			hasScannedForEncodings = 0;
			knownRegions = (
				en,
			);
			mainGroup = 0CFE5A5D1D6506B0005756D9;
			productRefGroup = 0CFE5A671D6506B0005756D9 /* Products */;
			projectDirPath = "";
			projectRoot = "";
			targets = (
				0CFE5A651D6506B0005756D9 /* ObjectiveCLevelDB */,
			);
		};
/* End PBXProject section */

/* Begin PBXSourcesBuildPhase section */
		0CFE5A621D6506B0005756D9 /* Sources */ = {
			isa = PBXSourcesBuildPhase;
			buildActionMask = 2147483647;
			files = (
				0C0A94421D65519600E00B3E /* LevelDB.m in Sources */,
			);
			runOnlyForDeploymentPostprocessing = 0;
		};
/* End PBXSourcesBuildPhase section */

/* Begin XCBuildConfiguration section */
		0CFE5A6D1D6506B0005756D9 /* Debug */ = {
			isa = XCBuildConfiguration;
			buildSettings = {
				ALWAYS_SEARCH_USER_PATHS = NO;
				CLANG_ANALYZER_NONNULL = YES;
				CLANG_CXX_LANGUAGE_STANDARD = "gnu++0x";
				CLANG_CXX_LIBRARY = "libc++";
				CLANG_ENABLE_MODULES = YES;
				CLANG_ENABLE_OBJC_ARC = YES;
				CLANG_WARN_BOOL_CONVERSION = YES;
				CLANG_WARN_CONSTANT_CONVERSION = YES;
				CLANG_WARN_DIRECT_OBJC_ISA_USAGE = YES_ERROR;
				CLANG_WARN_EMPTY_BODY = YES;
				CLANG_WARN_ENUM_CONVERSION = YES;
				CLANG_WARN_INT_CONVERSION = YES;
				CLANG_WARN_OBJC_ROOT_CLASS = YES_ERROR;
				CLANG_WARN_UNREACHABLE_CODE = YES;
				CLANG_WARN__DUPLICATE_METHOD_MATCH = YES;
				"CODE_SIGN_IDENTITY[sdk=iphoneos*]" = "iPhone Developer";
				COPY_PHASE_STRIP = NO;
				DEBUG_INFORMATION_FORMAT = dwarf;
				ENABLE_STRICT_OBJC_MSGSEND = YES;
				ENABLE_TESTABILITY = YES;
				GCC_C_LANGUAGE_STANDARD = gnu99;
				GCC_DYNAMIC_NO_PIC = NO;
				GCC_NO_COMMON_BLOCKS = YES;
				GCC_OPTIMIZATION_LEVEL = 0;
				GCC_PREPROCESSOR_DEFINITIONS = (
					"DEBUG=1",
					"$(inherited)",
				);
				GCC_WARN_64_TO_32_BIT_CONVERSION = YES;
				GCC_WARN_ABOUT_RETURN_TYPE = YES_ERROR;
				GCC_WARN_UNDECLARED_SELECTOR = YES;
				GCC_WARN_UNINITIALIZED_AUTOS = YES_AGGRESSIVE;
				GCC_WARN_UNUSED_FUNCTION = YES;
				GCC_WARN_UNUSED_VARIABLE = YES;
				IPHONEOS_DEPLOYMENT_TARGET = 9.3;
				MTL_ENABLE_DEBUG_INFO = YES;
				ONLY_ACTIVE_ARCH = YES;
				SDKROOT = iphoneos;
			};
			name = Debug;
		};
		0CFE5A6E1D6506B0005756D9 /* Release */ = {
			isa = XCBuildConfiguration;
			buildSettings = {
				ALWAYS_SEARCH_USER_PATHS = NO;
				CLANG_ANALYZER_NONNULL = YES;
				CLANG_CXX_LANGUAGE_STANDARD = "gnu++0x";
				CLANG_CXX_LIBRARY = "libc++";
				CLANG_ENABLE_MODULES = YES;
				CLANG_ENABLE_OBJC_ARC = YES;
				CLANG_WARN_BOOL_CONVERSION = YES;
				CLANG_WARN_CONSTANT_CONVERSION = YES;
				CLANG_WARN_DIRECT_OBJC_ISA_USAGE = YES_ERROR;
				CLANG_WARN_EMPTY_BODY = YES;
				CLANG_WARN_ENUM_CONVERSION = YES;
				CLANG_WARN_INT_CONVERSION = YES;
				CLANG_WARN_OBJC_ROOT_CLASS = YES_ERROR;
				CLANG_WARN_UNREACHABLE_CODE = YES;
				CLANG_WARN__DUPLICATE_METHOD_MATCH = YES;
				"CODE_SIGN_IDENTITY[sdk=iphoneos*]" = "iPhone Developer";
				COPY_PHASE_STRIP = NO;
				DEBUG_INFORMATION_FORMAT = "dwarf-with-dsym";
				ENABLE_NS_ASSERTIONS = NO;
				ENABLE_STRICT_OBJC_MSGSEND = YES;
				GCC_C_LANGUAGE_STANDARD = gnu99;
				GCC_NO_COMMON_BLOCKS = YES;
				GCC_WARN_64_TO_32_BIT_CONVERSION = YES;
				GCC_WARN_ABOUT_RETURN_TYPE = YES_ERROR;
				GCC_WARN_UNDECLARED_SELECTOR = YES;
				GCC_WARN_UNINITIALIZED_AUTOS = YES_AGGRESSIVE;
				GCC_WARN_UNUSED_FUNCTION = YES;
				GCC_WARN_UNUSED_VARIABLE = YES;
				IPHONEOS_DEPLOYMENT_TARGET = 9.3;
				MTL_ENABLE_DEBUG_INFO = NO;
				SDKROOT = iphoneos;
				VALIDATE_PRODUCT = YES;
			};
			name = Release;
		};
		0CFE5A701D6506B0005756D9 /* Debug */ = {
			isa = XCBuildConfiguration;
			buildSettings = {
				CLANG_ENABLE_OBJC_ARC = NO;
				HEADER_SEARCH_PATHS = $SRCROOT/../CLevelDB/include;
				OTHER_LDFLAGS = "-ObjC";
				PRODUCT_NAME = "$(TARGET_NAME)";
				SKIP_INSTALL = YES;
			};
			name = Debug;
		};
		0CFE5A711D6506B0005756D9 /* Release */ = {
			isa = XCBuildConfiguration;
			buildSettings = {
				CLANG_ENABLE_OBJC_ARC = NO;
				HEADER_SEARCH_PATHS = $SRCROOT/../CLevelDB/include;
				OTHER_LDFLAGS = "-ObjC";
				PRODUCT_NAME = "$(TARGET_NAME)";
				SKIP_INSTALL = YES;
			};
			name = Release;
		};
/* End XCBuildConfiguration section */

/* Begin XCConfigurationList section */
		0CFE5A611D6506B0005756D9 /* Build configuration list for PBXProject "ObjectiveCLevelDB" */ = {
			isa = XCConfigurationList;
			buildConfigurations = (
				0CFE5A6D1D6506B0005756D9 /* Debug */,
				0CFE5A6E1D6506B0005756D9 /* Release */,
			);
			defaultConfigurationIsVisible = 0;
			defaultConfigurationName = Release;
		};
		0CFE5A6F1D6506B0005756D9 /* Build configuration list for PBXNativeTarget "ObjectiveCLevelDB" */ = {
			isa = XCConfigurationList;
			buildConfigurations = (
				0CFE5A701D6506B0005756D9 /* Debug */,
				0CFE5A711D6506B0005756D9 /* Release */,
			);
			defaultConfigurationIsVisible = 0;
			defaultConfigurationName = Release;
		};
/* End XCConfigurationList section */
	};
	rootObject = 0CFE5A5E1D6506B0005756D9 /* Project object */;
}
